
Microsoft Visual Studio Solution File, Format Version 12.00
# Visual Studio Version 17
VisualStudioVersion = 17.12.35707.178
MinimumVisualStudioVersion = 10.0.40219.1
Project("{2150E333-8FDC-42A3-9474-1A3956D46DE8}") = "Solution Items", "Solution Items", "{484304DC-D71D-4D99-883D-D6EB2A44397B}"
	ProjectSection(SolutionItems) = preProject
		.adr-dir = .adr-dir
		.dockerignore = .dockerignore
		.editorconfig = .editorconfig
		.gitattributes = .gitattributes
		.gitignore = .gitignore
		CHANGELOG.md = CHANGELOG.md
		docker-compose.yaml = docker-compose.yaml
		LICENSE = LICENSE
		README.md = README.md
	EndProjectSection
EndProject
Project("{FAE04EC0-301F-11D3-BF4B-00C04F79EFBC}") = "Logitar.Resolutions", "src\Logitar.Resolutions\Logitar.Resolutions.csproj", "{B3DE7132-81CA-4F2F-BF0C-AEA22BAAF2EE}"
EndProject
Global
	GlobalSection(SolutionConfigurationPlatforms) = preSolution
		Debug|Any CPU = Debug|Any CPU
		Release|Any CPU = Release|Any CPU
	EndGlobalSection
	GlobalSection(ProjectConfigurationPlatforms) = postSolution
		{B3DE7132-81CA-4F2F-BF0C-AEA22BAAF2EE}.Debug|Any CPU.ActiveCfg = Debug|Any CPU
		{B3DE7132-81CA-4F2F-BF0C-AEA22BAAF2EE}.Debug|Any CPU.Build.0 = Debug|Any CPU
		{B3DE7132-81CA-4F2F-BF0C-AEA22BAAF2EE}.Release|Any CPU.ActiveCfg = Release|Any CPU
		{B3DE7132-81CA-4F2F-BF0C-AEA22BAAF2EE}.Release|Any CPU.Build.0 = Release|Any CPU
	EndGlobalSection
	GlobalSection(SolutionProperties) = preSolution
		HideSolutionNode = FALSE
	EndGlobalSection
EndGlobal
